
Microsoft Visual Studio Solution File, Format Version 12.00
# Visual Studio Version 16
VisualStudioVersion = 16.0.30114.105
MinimumVisualStudioVersion = 10.0.40219.1
Project("{FAE04EC0-301F-11D3-BF4B-00C04F79EFBC}") = "Fastjob.Core", "Fastjob.Core\Fastjob.Core.csproj", "{079FAD6A-9728-48B8-AFFF-116E13628877}"
EndProject
Project("{FAE04EC0-301F-11D3-BF4B-00C04F79EFBC}") = "Fastjob.Persistence.Memory", "Fastjob.Persistence.Memory\Fastjob.Persistence.Memory.csproj", "{D77F6F57-F44F-44B8-98E6-359B4EF9E87A}"
EndProject
Project("{FAE04EC0-301F-11D3-BF4B-00C04F79EFBC}") = "Fastjob.Tests.Unit", "..\tests\Fastjob.Tests.Unit\Fastjob.Tests.Unit.csproj", "{D2761F5A-D587-4877-8A63-2B487DB18A7A}"
EndProject
Project("{FAE04EC0-301F-11D3-BF4B-00C04F79EFBC}") = "Fastjob.Tests.Integration", "..\tests\Fastjob.Tests.Integration\Fastjob.Tests.Integration.csproj", "{7FB72929-6736-43B5-9517-5994041309C9}"
EndProject
Project("{FAE04EC0-301F-11D3-BF4B-00C04F79EFBC}") = "Fastjob.Tests.Shared", "..\tests\Fastjob.Tests.Shared\Fastjob.Tests.Shared.csproj", "{AFCEB82B-2174-4056-94EF-3F88FAD6B60E}"
EndProject
Project("{FAE04EC0-301F-11D3-BF4B-00C04F79EFBC}") = "Fastjob.Hosted", "Fastjob.Hosted\Fastjob.Hosted.csproj", "{ABDAD6BC-D9B4-4B8A-AF9C-96BFEB88087C}"
EndProject
Project("{FAE04EC0-301F-11D3-BF4B-00C04F79EFBC}") = "Fastjob.Example", "..\example\Fastjob.Example\Fastjob.Example.csproj", "{DF5E632C-B132-471E-9B66-352C7C7AD116}"
EndProject
Global
	GlobalSection(SolutionConfigurationPlatforms) = preSolution
		Debug|Any CPU = Debug|Any CPU
		Release|Any CPU = Release|Any CPU
	EndGlobalSection
	GlobalSection(SolutionProperties) = preSolution
		HideSolutionNode = FALSE
	EndGlobalSection
	GlobalSection(ProjectConfigurationPlatforms) = postSolution
		{079FAD6A-9728-48B8-AFFF-116E13628877}.Debug|Any CPU.ActiveCfg = Debug|Any CPU
		{079FAD6A-9728-48B8-AFFF-116E13628877}.Debug|Any CPU.Build.0 = Debug|Any CPU
		{079FAD6A-9728-48B8-AFFF-116E13628877}.Release|Any CPU.ActiveCfg = Release|Any CPU
		{079FAD6A-9728-48B8-AFFF-116E13628877}.Release|Any CPU.Build.0 = Release|Any CPU
		{D77F6F57-F44F-44B8-98E6-359B4EF9E87A}.Debug|Any CPU.ActiveCfg = Debug|Any CPU
		{D77F6F57-F44F-44B8-98E6-359B4EF9E87A}.Debug|Any CPU.Build.0 = Debug|Any CPU
		{D77F6F57-F44F-44B8-98E6-359B4EF9E87A}.Release|Any CPU.ActiveCfg = Release|Any CPU
		{D77F6F57-F44F-44B8-98E6-359B4EF9E87A}.Release|Any CPU.Build.0 = Release|Any CPU
		{D2761F5A-D587-4877-8A63-2B487DB18A7A}.Debug|Any CPU.ActiveCfg = Debug|Any CPU
		{D2761F5A-D587-4877-8A63-2B487DB18A7A}.Debug|Any CPU.Build.0 = Debug|Any CPU
		{D2761F5A-D587-4877-8A63-2B487DB18A7A}.Release|Any CPU.ActiveCfg = Release|Any CPU
		{D2761F5A-D587-4877-8A63-2B487DB18A7A}.Release|Any CPU.Build.0 = Release|Any CPU
		{7FB72929-6736-43B5-9517-5994041309C9}.Debug|Any CPU.ActiveCfg = Debug|Any CPU
		{7FB72929-6736-43B5-9517-5994041309C9}.Debug|Any CPU.Build.0 = Debug|Any CPU
		{7FB72929-6736-43B5-9517-5994041309C9}.Release|Any CPU.ActiveCfg = Release|Any CPU
		{7FB72929-6736-43B5-9517-5994041309C9}.Release|Any CPU.Build.0 = Release|Any CPU
		{AFCEB82B-2174-4056-94EF-3F88FAD6B60E}.Debug|Any CPU.ActiveCfg = Debug|Any CPU
		{AFCEB82B-2174-4056-94EF-3F88FAD6B60E}.Debug|Any CPU.Build.0 = Debug|Any CPU
		{AFCEB82B-2174-4056-94EF-3F88FAD6B60E}.Release|Any CPU.ActiveCfg = Release|Any CPU
		{AFCEB82B-2174-4056-94EF-3F88FAD6B60E}.Release|Any CPU.Build.0 = Release|Any CPU
		{ABDAD6BC-D9B4-4B8A-AF9C-96BFEB88087C}.Debug|Any CPU.ActiveCfg = Debug|Any CPU
		{ABDAD6BC-D9B4-4B8A-AF9C-96BFEB88087C}.Debug|Any CPU.Build.0 = Debug|Any CPU
		{ABDAD6BC-D9B4-4B8A-AF9C-96BFEB88087C}.Release|Any CPU.ActiveCfg = Release|Any CPU
		{ABDAD6BC-D9B4-4B8A-AF9C-96BFEB88087C}.Release|Any CPU.Build.0 = Release|Any CPU
		{DF5E632C-B132-471E-9B66-352C7C7AD116}.Debug|Any CPU.ActiveCfg = Debug|Any CPU
		{DF5E632C-B132-471E-9B66-352C7C7AD116}.Debug|Any CPU.Build.0 = Debug|Any CPU
		{DF5E632C-B132-471E-9B66-352C7C7AD116}.Release|Any CPU.ActiveCfg = Release|Any CPU
		{DF5E632C-B132-471E-9B66-352C7C7AD116}.Release|Any CPU.Build.0 = Release|Any CPU
	EndGlobalSection
EndGlobal
